<?xml version="1.0" encoding="utf-8"?>
<Project ToolsVersion="4.0" xmlns="http://schemas.microsoft.com/developer/msbuild/2003">
  <ItemGroup>
    <Filter Include="Source Files">
      <UniqueIdentifier>{4FC737F1-C7A5-4376-A066-2A32D752A2FF}</UniqueIdentifier>
      <Extensions>cpp;c;cc;cxx;c++;cppm;ixx;def;odl;idl;hpj;bat;asm;asmx</Extensions>
    </Filter>
    <Filter Include="Header Files">
      <UniqueIdentifier>{93995380-89BD-4b04-88EB-625FBE52EBFB}</UniqueIdentifier>
      <Extensions>h;hh;hpp;hxx;h++;hm;inl;inc;ipp;xsd</Extensions>
    </Filter>
    <Filter Include="Resource Files">
      <UniqueIdentifier>{67DA6AB6-F800-4c08-8B7A-83BB121AAD01}</UniqueIdentifier>
      <Extensions>rc;ico;cur;bmp;dlg;rc2;rct;bin;rgs;gif;jpg;jpeg;jpe;resx;tiff;tif;png;wav;mfcribbon-ms</Extensions>
    </Filter>
  </ItemGroup>
  <ItemGroup>
    <ClCompile Include="ReadFile.cpp">
      <Filter>Source Files</Filter>
    </ClCompile>
    <ClCompile Include="CStudent.cpp">
      <Filter>Source Files</Filter>
    </ClCompile>
    <ClCompile Include="CCard.cpp">
      <Filter>Source Files</Filter>
    </ClCompile>
    <ClCompile Include="CPlagiarism.cpp">
      <Filter>Source Files</Filter>
    </ClCompile>
    <ClCompile Include="CIndustrial.cpp">
      <Filter>Source Files</Filter>
    </ClCompile>
    <ClCompile Include="CFeedback.cpp">
      <Filter>Source Files</Filter>
    </ClCompile>
    <ClCompile Include="CPass.cpp">
      <Filter>Source Files</Filter>
    </ClCompile>
    <ClCompile Include="CSerial.cpp">
      <Filter>Source Files</Filter>
    </ClCompile>
    <ClCompile Include="CGraduate.cpp">
      <Filter>Source Files</Filter>
    </ClCompile>
    <ClCompile Include="CEasy.cpp">
      <Filter>Source Files</Filter>
    </ClCompile>
    <ClCompile Include="CMitigating.cpp">
      <Filter>Source Files</Filter>
    </ClCompile>
    <ClCompile Include="CResearch.cpp">
      <Filter>Source Files</Filter>
    </ClCompile>
    <ClCompile Include="CProfessor.cpp">
      <Filter>Source Files</Filter>
    </ClCompile>
    <ClCompile Include="CAccreditation.cpp">
      <Filter>Source Files</Filter>
    </ClCompile>
  </ItemGroup>
  <ItemGroup>
    <ClInclude Include="CStudent.h">
      <Filter>Header Files</Filter>
    </ClInclude>
    <ClInclude Include="CCard.h">
      <Filter>Header Files</Filter>
    </ClInclude>
    <ClInclude Include="CPlagiarism.h">
      <Filter>Header Files</Filter>
    </ClInclude>
    <ClInclude Include="CAccreditation.h">
      <Filter>Header Files</Filter>
    </ClInclude>
    <ClInclude Include="CIndustrial.h">
      <Filter>Header Files</Filter>
    </ClInclude>
    <ClInclude Include="CFeedback.h">
      <Filter>Header Files</Filter>
    </ClInclude>
    <ClInclude Include="CPass.h">
      <Filter>Header Files</Filter>
    </ClInclude>
    <ClInclude Include="CSerial.h">
      <Filter>Header Files</Filter>
    </ClInclude>
    <ClInclude Include="CGraduate.h">
      <Filter>Header Files</Filter>
    </ClInclude>
    <ClInclude Include="CEasy.h">
      <Filter>Header Files</Filter>
    </ClInclude>
    <ClInclude Include="CMitigating.h">
      <Filter>Header Files</Filter>
    </ClInclude>
    <ClInclude Include="CResearch.h">
      <Filter>Header Files</Filter>
    </ClInclude>
    <ClInclude Include="CProfessor.h">
      <Filter>Header Files</Filter>
    </ClInclude>
  </ItemGroup>
  <ItemGroup>
    <Text Include="piffle-paper.txt" />
    <Text Include="plagiarist.txt" />
    <Text Include="seed.txt">
      <Filter>Source Files</Filter>
    </Text>
  </ItemGroup>
</Project>